
Microsoft Visual Studio Solution File, Format Version 12.00
# Visual Studio Version 17
VisualStudioVersion = 17.9.34723.18
MinimumVisualStudioVersion = 10.0.40219.1
Project("{9A19103F-16F7-4668-BE54-9A1E7A4F7556}") = "ImageProcessor", "ImageProcessor\ImageProcessor.csproj", "{36B7D849-9D89-433F-A4D5-0466956D4BCD}"
EndProject
Project("{9A19103F-16F7-4668-BE54-9A1E7A4F7556}") = "ImageProcessorServer", "ImageProcessorServer\ImageProcessorServer.csproj", "{C79056FA-B620-4FE3-A690-39BC13AA7726}"
EndProject
Global
	GlobalSection(SolutionConfigurationPlatforms) = preSolution
		Debug|Any CPU = Debug|Any CPU
		Release|Any CPU = Release|Any CPU
	EndGlobalSection
	GlobalSection(ProjectConfigurationPlatforms) = postSolution
		{36B7D849-9D89-433F-A4D5-0466956D4BCD}.Debug|Any CPU.ActiveCfg = Debug|Any CPU
		{36B7D849-9D89-433F-A4D5-0466956D4BCD}.Debug|Any CPU.Build.0 = Debug|Any CPU
		{36B7D849-9D89-433F-A4D5-0466956D4BCD}.Release|Any CPU.ActiveCfg = Release|Any CPU
		{36B7D849-9D89-433F-A4D5-0466956D4BCD}.Release|Any CPU.Build.0 = Release|Any CPU
		{C79056FA-B620-4FE3-A690-39BC13AA7726}.Debug|Any CPU.ActiveCfg = Debug|Any CPU
		{C79056FA-B620-4FE3-A690-39BC13AA7726}.Debug|Any CPU.Build.0 = Debug|Any CPU
		{C79056FA-B620-4FE3-A690-39BC13AA7726}.Release|Any CPU.ActiveCfg = Release|Any CPU
		{C79056FA-B620-4FE3-A690-39BC13AA7726}.Release|Any CPU.Build.0 = Release|Any CPU
	EndGlobalSection
	GlobalSection(SolutionProperties) = preSolution
		HideSolutionNode = FALSE
	EndGlobalSection
EndGlobal
